
Microsoft Visual Studio Solution File, Format Version 12.00
# Visual Studio Version 17
VisualStudioVersion = 17.10.35004.147
MinimumVisualStudioVersion = 10.0.40219.1
Project("{8BC9CEB8-8B4A-11D0-8D11-00A0C91BC942}") = "aosora-shiori-sandbox", "aosora-shiori-sandbox\aosora-shiori-sandbox.vcxproj", "{ACCFD098-9983-426B-B1C5-3B28F6739C81}"
EndProject
Project("{8BC9CEB8-8B4A-11D0-8D11-00A0C91BC942}") = "aosora-shiori-dll", "aosora-shiori-dll\aosora-shiori-dll.vcxproj", "{98257968-3B2B-4D77-B695-23D01C571984}"
EndProject
Project("{8BC9CEB8-8B4A-11D0-8D11-00A0C91BC942}") = "aosora-shiori", "aosora-shiori\aosora-shiori.vcxproj", "{86167E4C-6A06-4E93-B3D1-FAF6AD3D3AC0}"
EndProject
Project("{8BC9CEB8-8B4A-11D0-8D11-00A0C91BC942}") = "aosora-sstp", "aosora-sstp\aosora-sstp.vcxproj", "{F9B945CC-451F-498D-8568-91A12EDD9D7A}"
EndProject
Project("{8BC9CEB8-8B4A-11D0-8D11-00A0C91BC942}") = "aosora-analyzer", "aosora-analyzer\aosora-analyzer.vcxproj", "{804DFB32-5BFE-43E9-A196-146FF3FEE3C4}"
EndProject
Project("{8BC9CEB8-8B4A-11D0-8D11-00A0C91BC942}") = "aosora-plugin-wrapper-cpp", "aosora-plugin-wrapper-cpp\aosora-plugin-wrapper-cpp.vcxproj", "{7CE01B6C-29C4-4590-A9A5-1CB6E23609BC}"
EndProject
Project("{8BC9CEB8-8B4A-11D0-8D11-00A0C91BC942}") = "aosora-plugin-sample", "aosora-plugin-sample\aosora-plugin-sample.vcxproj", "{1756C6BD-FBCA-4078-8474-A1407F173F5A}"
EndProject
Project("{8BC9CEB8-8B4A-11D0-8D11-00A0C91BC942}") = "aosora-shiori-test", "aosora-shiori-test\aosora-shiori-test.vcxproj", "{A19E8F93-0568-EDAB-0B35-82F7A98DA709}"
EndProject
Global
	GlobalSection(SolutionConfigurationPlatforms) = preSolution
		Debug|x86 = Debug|x86
		Deploy|x86 = Deploy|x86
		Release|x86 = Release|x86
	EndGlobalSection
	GlobalSection(ProjectConfigurationPlatforms) = postSolution
		{ACCFD098-9983-426B-B1C5-3B28F6739C81}.Debug|x86.ActiveCfg = Debug|Win32
		{ACCFD098-9983-426B-B1C5-3B28F6739C81}.Debug|x86.Build.0 = Debug|Win32
		{ACCFD098-9983-426B-B1C5-3B28F6739C81}.Deploy|x86.ActiveCfg = Deploy|Win32
		{ACCFD098-9983-426B-B1C5-3B28F6739C81}.Release|x86.ActiveCfg = Release|Win32
		{ACCFD098-9983-426B-B1C5-3B28F6739C81}.Release|x86.Build.0 = Release|Win32
		{98257968-3B2B-4D77-B695-23D01C571984}.Debug|x86.ActiveCfg = Debug|Win32
		{98257968-3B2B-4D77-B695-23D01C571984}.Debug|x86.Build.0 = Debug|Win32
		{98257968-3B2B-4D77-B695-23D01C571984}.Deploy|x86.ActiveCfg = Deploy|Win32
		{98257968-3B2B-4D77-B695-23D01C571984}.Deploy|x86.Build.0 = Deploy|Win32
		{98257968-3B2B-4D77-B695-23D01C571984}.Release|x86.ActiveCfg = Release|Win32
		{98257968-3B2B-4D77-B695-23D01C571984}.Release|x86.Build.0 = Release|Win32
		{86167E4C-6A06-4E93-B3D1-FAF6AD3D3AC0}.Debug|x86.ActiveCfg = Debug|Win32
		{86167E4C-6A06-4E93-B3D1-FAF6AD3D3AC0}.Debug|x86.Build.0 = Debug|Win32
		{86167E4C-6A06-4E93-B3D1-FAF6AD3D3AC0}.Deploy|x86.ActiveCfg = Deploy|Win32
		{86167E4C-6A06-4E93-B3D1-FAF6AD3D3AC0}.Deploy|x86.Build.0 = Deploy|Win32
		{86167E4C-6A06-4E93-B3D1-FAF6AD3D3AC0}.Release|x86.ActiveCfg = Release|Win32
		{86167E4C-6A06-4E93-B3D1-FAF6AD3D3AC0}.Release|x86.Build.0 = Release|Win32
		{F9B945CC-451F-498D-8568-91A12EDD9D7A}.Debug|x86.ActiveCfg = Debug|Win32
		{F9B945CC-451F-498D-8568-91A12EDD9D7A}.Debug|x86.Build.0 = Debug|Win32
		{F9B945CC-451F-498D-8568-91A12EDD9D7A}.Deploy|x86.ActiveCfg = Deploy|Win32
		{F9B945CC-451F-498D-8568-91A12EDD9D7A}.Deploy|x86.Build.0 = Deploy|Win32
		{F9B945CC-451F-498D-8568-91A12EDD9D7A}.Release|x86.ActiveCfg = Release|Win32
		{F9B945CC-451F-498D-8568-91A12EDD9D7A}.Release|x86.Build.0 = Release|Win32
		{804DFB32-5BFE-43E9-A196-146FF3FEE3C4}.Debug|x86.ActiveCfg = Debug|Win32
		{804DFB32-5BFE-43E9-A196-146FF3FEE3C4}.Debug|x86.Build.0 = Debug|Win32
		{804DFB32-5BFE-43E9-A196-146FF3FEE3C4}.Deploy|x86.ActiveCfg = Deploy|Win32
		{804DFB32-5BFE-43E9-A196-146FF3FEE3C4}.Deploy|x86.Build.0 = Deploy|Win32
		{804DFB32-5BFE-43E9-A196-146FF3FEE3C4}.Release|x86.ActiveCfg = Release|Win32
		{804DFB32-5BFE-43E9-A196-146FF3FEE3C4}.Release|x86.Build.0 = Release|Win32
		{7CE01B6C-29C4-4590-A9A5-1CB6E23609BC}.Debug|x86.ActiveCfg = Debug|Win32
		{7CE01B6C-29C4-4590-A9A5-1CB6E23609BC}.Debug|x86.Build.0 = Debug|Win32
		{7CE01B6C-29C4-4590-A9A5-1CB6E23609BC}.Deploy|x86.ActiveCfg = Release|Win32
		{7CE01B6C-29C4-4590-A9A5-1CB6E23609BC}.Release|x86.ActiveCfg = Release|Win32
		{7CE01B6C-29C4-4590-A9A5-1CB6E23609BC}.Release|x86.Build.0 = Release|Win32
		{1756C6BD-FBCA-4078-8474-A1407F173F5A}.Debug|x86.ActiveCfg = Debug|Win32
		{1756C6BD-FBCA-4078-8474-A1407F173F5A}.Debug|x86.Build.0 = Debug|Win32
		{1756C6BD-FBCA-4078-8474-A1407F173F5A}.Deploy|x86.ActiveCfg = Release|Win32
		{1756C6BD-FBCA-4078-8474-A1407F173F5A}.Release|x86.ActiveCfg = Release|Win32
		{1756C6BD-FBCA-4078-8474-A1407F173F5A}.Release|x86.Build.0 = Release|Win32
		{A19E8F93-0568-EDAB-0B35-82F7A98DA709}.Debug|x86.ActiveCfg = Debug|Win32
		{A19E8F93-0568-EDAB-0B35-82F7A98DA709}.Debug|x86.Build.0 = Debug|Win32
		{A19E8F93-0568-EDAB-0B35-82F7A98DA709}.Deploy|x86.ActiveCfg = Release|Win32
		{A19E8F93-0568-EDAB-0B35-82F7A98DA709}.Release|x86.ActiveCfg = Release|Win32
		{A19E8F93-0568-EDAB-0B35-82F7A98DA709}.Release|x86.Build.0 = Release|Win32
	EndGlobalSection
	GlobalSection(SolutionProperties) = preSolution
		HideSolutionNode = FALSE
	EndGlobalSection
	GlobalSection(ExtensibilityGlobals) = postSolution
		SolutionGuid = {C54745C7-F87D-421A-BD07-61F91B351768}
	EndGlobalSection
EndGlobal
