<?xml version="1.0" encoding="utf-8"?>
<Project ToolsVersion="4.0" xmlns="http://schemas.microsoft.com/developer/msbuild/2003">
  <ItemGroup>
    <ClCompile Include="Shiori.cpp" />
    <ClCompile Include="Tokens\TokenParser.cpp">
      <Filter>Tokens</Filter>
    </ClCompile>
    <ClCompile Include="AST\ASTNodeBase.cpp">
      <Filter>AST</Filter>
    </ClCompile>
    <ClCompile Include="AST\ASTParser.cpp">
      <Filter>AST</Filter>
    </ClCompile>
    <ClCompile Include="CommonLibrary\CommonClasses.cpp">
      <Filter>CommonLibrary</Filter>
    </ClCompile>
    <ClCompile Include="CoreLibrary\CoreClasses.cpp">
      <Filter>CoreLibrary</Filter>
    </ClCompile>
    <ClCompile Include="Misc\Json.cpp">
      <Filter>Misc</Filter>
    </ClCompile>
    <ClCompile Include="Misc\Utility.cpp">
      <Filter>Misc</Filter>
    </ClCompile>
    <ClCompile Include="Interpreter\ObjectSystem.cpp">
      <Filter>Interpreter</Filter>
    </ClCompile>
    <ClCompile Include="Interpreter\ScriptExecutor.cpp">
      <Filter>Interpreter</Filter>
    </ClCompile>
    <ClCompile Include="Interpreter\ScriptVariable.cpp">
      <Filter>Interpreter</Filter>
    </ClCompile>
    <ClCompile Include="CoreLibrary\PrimitiveMethod.cpp">
      <Filter>CoreLibrary</Filter>
    </ClCompile>
    <ClCompile Include="Misc\SaoriLoader.cpp">
      <Filter>Misc</Filter>
    </ClCompile>
    <ClCompile Include="Misc\Message.cpp">
      <Filter>Misc</Filter>
    </ClCompile>
    <ClCompile Include="Debugger\DebuggerCore.cpp">
      <Filter>Debugger</Filter>
    </ClCompile>
    <ClCompile Include="Debugger\DebugBootstrap.cpp">
      <Filter>Debugger</Filter>
    </ClCompile>
    <ClCompile Include="Debugger\DebuggerUtility.cpp">
      <Filter>Debugger</Filter>
    </ClCompile>
    <ClCompile Include="CommonLibrary\StandardLibrary.cpp">
      <Filter>CommonLibrary</Filter>
    </ClCompile>
    <ClCompile Include="Misc\PluginLoader.cpp">
      <Filter>Misc</Filter>
    </ClCompile>
    <ClCompile Include="CommonLibrary\PluginContextManager.cpp">
      <Filter>CommonLibrary</Filter>
    </ClCompile>
    <ClCompile Include="..\thirdparty\jsoncpp-1.9.6\src\lib_json\json_reader.cpp">
      <Filter>ThirdParty\jsoncpp\src</Filter>
    </ClCompile>
    <ClCompile Include="..\thirdparty\jsoncpp-1.9.6\src\lib_json\json_value.cpp">
      <Filter>ThirdParty\jsoncpp\src</Filter>
    </ClCompile>
    <ClCompile Include="..\thirdparty\jsoncpp-1.9.6\src\lib_json\json_writer.cpp">
      <Filter>ThirdParty\jsoncpp\src</Filter>
    </ClCompile>
    <ClCompile Include="Misc\ProjectParser.cpp">
      <Filter>Misc</Filter>
    </ClCompile>
  </ItemGroup>
  <ItemGroup>
    <ClInclude Include="Shiori.h" />
    <ClInclude Include="Tokens\TokenParser.h">
      <Filter>Tokens</Filter>
    </ClInclude>
    <ClInclude Include="Tokens\Tokens.h">
      <Filter>Tokens</Filter>
    </ClInclude>
    <ClInclude Include="AST\AST.h">
      <Filter>AST</Filter>
    </ClInclude>
    <ClInclude Include="AST\ASTNodeBase.h">
      <Filter>AST</Filter>
    </ClInclude>
    <ClInclude Include="AST\ASTNodes.h">
      <Filter>AST</Filter>
    </ClInclude>
    <ClInclude Include="AST\ASTParser.h">
      <Filter>AST</Filter>
    </ClInclude>
    <ClInclude Include="CommonLibrary\CommonClasses.h">
      <Filter>CommonLibrary</Filter>
    </ClInclude>
    <ClInclude Include="CoreLibrary\CoreClasses.h">
      <Filter>CoreLibrary</Filter>
    </ClInclude>
    <ClInclude Include="CoreLibrary\CoreLibrary.h">
      <Filter>CoreLibrary</Filter>
    </ClInclude>
    <ClInclude Include="Misc\Json.h">
      <Filter>Misc</Filter>
    </ClInclude>
    <ClInclude Include="Misc\Utility.h">
      <Filter>Misc</Filter>
    </ClInclude>
    <ClInclude Include="Interpreter\Interpreter.h">
      <Filter>Interpreter</Filter>
    </ClInclude>
    <ClInclude Include="Interpreter\ObjectSystem.h">
      <Filter>Interpreter</Filter>
    </ClInclude>
    <ClInclude Include="Interpreter\ScriptExecutor.h">
      <Filter>Interpreter</Filter>
    </ClInclude>
    <ClInclude Include="Interpreter\ScriptVariable.h">
      <Filter>Interpreter</Filter>
    </ClInclude>
    <ClInclude Include="CoreLibrary\PrimitiveMethod.h">
      <Filter>CoreLibrary</Filter>
    </ClInclude>
    <ClInclude Include="Misc\SaoriLoader.h">
      <Filter>Misc</Filter>
    </ClInclude>
    <ClInclude Include="Base.h" />
    <ClInclude Include="Version.h" />
    <ClInclude Include="Misc\Message.h">
      <Filter>Misc</Filter>
    </ClInclude>
    <ClInclude Include="Debugger\Debugger.h">
      <Filter>Debugger</Filter>
    </ClInclude>
    <ClInclude Include="Debugger\DebuggerCore.h">
      <Filter>Debugger</Filter>
    </ClInclude>
    <ClInclude Include="Debugger\DebuggerUtility.h">
      <Filter>Debugger</Filter>
    </ClInclude>
    <ClInclude Include="CommonLibrary\StandardLibrary.h">
      <Filter>CommonLibrary</Filter>
    </ClInclude>
    <ClInclude Include="Misc\PluginLoader.h">
      <Filter>Misc</Filter>
    </ClInclude>
    <ClInclude Include="CommonLibrary\PluginContextManager.h">
      <Filter>CommonLibrary</Filter>
    </ClInclude>
    <ClInclude Include="..\thirdparty\jsoncpp-1.9.6\src\lib_json\json_tool.h">
      <Filter>ThirdParty\jsoncpp\src</Filter>
    </ClInclude>
    <ClInclude Include="..\thirdparty\jsoncpp-1.9.6\include\json\json.h">
      <Filter>ThirdParty\jsoncpp\include</Filter>
    </ClInclude>
    <ClInclude Include="..\thirdparty\jsoncpp-1.9.6\include\json\json_features.h">
      <Filter>ThirdParty\jsoncpp\include</Filter>
    </ClInclude>
    <ClInclude Include="..\thirdparty\jsoncpp-1.9.6\include\json\reader.h">
      <Filter>ThirdParty\jsoncpp\include</Filter>
    </ClInclude>
    <ClInclude Include="..\thirdparty\jsoncpp-1.9.6\include\json\value.h">
      <Filter>ThirdParty\jsoncpp\include</Filter>
    </ClInclude>
    <ClInclude Include="..\thirdparty\jsoncpp-1.9.6\include\json\version.h">
      <Filter>ThirdParty\jsoncpp\include</Filter>
    </ClInclude>
    <ClInclude Include="..\thirdparty\jsoncpp-1.9.6\include\json\writer.h">
      <Filter>ThirdParty\jsoncpp\include</Filter>
    </ClInclude>
    <ClInclude Include="..\thirdparty\jsoncpp-1.9.6\include\json\allocator.h">
      <Filter>ThirdParty\jsoncpp\include</Filter>
    </ClInclude>
    <ClInclude Include="..\thirdparty\jsoncpp-1.9.6\include\json\assertions.h">
      <Filter>ThirdParty\jsoncpp\include</Filter>
    </ClInclude>
    <ClInclude Include="..\thirdparty\jsoncpp-1.9.6\include\json\config.h">
      <Filter>ThirdParty\jsoncpp\include</Filter>
    </ClInclude>
    <ClInclude Include="..\thirdparty\jsoncpp-1.9.6\include\json\forwards.h">
      <Filter>ThirdParty\jsoncpp\include</Filter>
    </ClInclude>
    <ClInclude Include="Misc\ProjectParser.h">
      <Filter>Misc</Filter>
    </ClInclude>
  </ItemGroup>
  <ItemGroup>
    <Filter Include="Tokens">
      <UniqueIdentifier>{3023d929-e1d2-4eba-aa83-1b997fe0e3e1}</UniqueIdentifier>
    </Filter>
    <Filter Include="AST">
      <UniqueIdentifier>{7820ac08-9af0-4554-ac9c-4a795542b96f}</UniqueIdentifier>
    </Filter>
    <Filter Include="Misc">
      <UniqueIdentifier>{01138563-bc0f-4c9f-b4e3-862f53b44cf1}</UniqueIdentifier>
    </Filter>
    <Filter Include="CoreLibrary">
      <UniqueIdentifier>{26020485-e69a-4634-8034-995ae10031ff}</UniqueIdentifier>
    </Filter>
    <Filter Include="CommonLibrary">
      <UniqueIdentifier>{dddb066d-9410-45d1-b212-87235cbd43d3}</UniqueIdentifier>
    </Filter>
    <Filter Include="Interpreter">
      <UniqueIdentifier>{e87eb298-eb0b-42a0-93af-54306256102c}</UniqueIdentifier>
    </Filter>
    <Filter Include="Debugger">
      <UniqueIdentifier>{2404e0a0-2f30-41df-a688-37a3481406d9}</UniqueIdentifier>
    </Filter>
    <Filter Include="ThirdParty">
      <UniqueIdentifier>{87fea32e-4c67-4430-a9c2-970ab30169f0}</UniqueIdentifier>
    </Filter>
    <Filter Include="ThirdParty\jsoncpp">
      <UniqueIdentifier>{b1081ae6-1a2f-4b75-a137-11b3de00d621}</UniqueIdentifier>
    </Filter>
    <Filter Include="ThirdParty\jsoncpp\src">
      <UniqueIdentifier>{b79ae192-8ac8-4d99-a579-6f426b04c1fd}</UniqueIdentifier>
    </Filter>
    <Filter Include="ThirdParty\jsoncpp\include">
      <UniqueIdentifier>{8856f1fd-5db2-457a-92a9-5bc2a9e6ebab}</UniqueIdentifier>
    </Filter>
  </ItemGroup>
  <ItemGroup>
    <None Include="..\thirdparty\jsoncpp-1.9.6\src\lib_json\json_valueiterator.inl">
      <Filter>ThirdParty\jsoncpp\src</Filter>
    </None>
  </ItemGroup>
</Project>